
Microsoft Visual Studio Solution File, Format Version 12.00
# Visual Studio 15
VisualStudioVersion = 15.0.28307.779
MinimumVisualStudioVersion = 10.0.40219.1
Project("{FAE04EC0-301F-11D3-BF4B-00C04F79EFBC}") = "myFirstWebApplication", "myFirstWebApplication\myFirstWebApplication.csproj", "{1573378F-C990-4C25-8DF7-70010ABBA83B}"
EndProject
Global
	GlobalSection(SolutionConfigurationPlatforms) = preSolution
		Debug|Any CPU = Debug|Any CPU
		Release|Any CPU = Release|Any CPU
	EndGlobalSection
	GlobalSection(ProjectConfigurationPlatforms) = postSolution
		{1573378F-C990-4C25-8DF7-70010ABBA83B}.Debug|Any CPU.ActiveCfg = Debug|Any CPU
		{1573378F-C990-4C25-8DF7-70010ABBA83B}.Debug|Any CPU.Build.0 = Debug|Any CPU
		{1573378F-C990-4C25-8DF7-70010ABBA83B}.Release|Any CPU.ActiveCfg = Release|Any CPU
		{1573378F-C990-4C25-8DF7-70010ABBA83B}.Release|Any CPU.Build.0 = Release|Any CPU
	EndGlobalSection
	GlobalSection(SolutionProperties) = preSolution
		HideSolutionNode = FALSE
	EndGlobalSection
	GlobalSection(ExtensibilityGlobals) = postSolution
		SolutionGuid = {E9A2D23D-80BE-4177-9E5E-2C9F918DA3BD}
	EndGlobalSection
EndGlobal
